
Microsoft Visual Studio Solution File, Format Version 12.00
# Visual Studio Version 16
VisualStudioVersion = 16.0.29123.88
MinimumVisualStudioVersion = 10.0.40219.1
Project("{9A19103F-16F7-4668-BE54-9A1E7A4F7556}") = "AppEngine", "AppEngine\AppEngine.csproj", "{756FFED3-0137-4967-AA43-94946C24C7AB}"
EndProject
Project("{9A19103F-16F7-4668-BE54-9A1E7A4F7556}") = "OrchardCore.FileStorage.Abstractions", "OrchardCore.FileStorage.Abstractions\OrchardCore.FileStorage.Abstractions.csproj", "{19E82BBC-59E6-4068-89A2-BA1A2A5C640F}"
EndProject
Project("{9A19103F-16F7-4668-BE54-9A1E7A4F7556}") = "OrchardCore.FileStorage.FileSystem", "OrchardCore.FileStorage.FileSystem\OrchardCore.FileStorage.FileSystem.csproj", "{A2189E90-B52B-4635-BB36-2DE6EBC5D0A8}"
EndProject
Project("{9A19103F-16F7-4668-BE54-9A1E7A4F7556}") = "AppEngine.Test", "AppEngine.Test\AppEngine.Test.csproj", "{45D58875-21AA-492E-B199-C8F71942469C}"
EndProject
Project("{9A19103F-16F7-4668-BE54-9A1E7A4F7556}") = "ClientApp.Cli", "ClientApp.Cli\ClientApp.Cli.csproj", "{1B76A68A-FB4C-4834-96EF-CFA3E40BCF44}"
EndProject
Project("{9A19103F-16F7-4668-BE54-9A1E7A4F7556}") = "AppEngine.Ebooks", "AppEngine.Ebooks\AppEngine.Ebooks.csproj", "{0A9F68AE-722F-44B9-BA6B-4A996C67B199}"
EndProject
Project("{9A19103F-16F7-4668-BE54-9A1E7A4F7556}") = "AppEngine.Video", "AppEngine.Video\AppEngine.Video.csproj", "{69DC54DA-C776-4145-9011-E598255DED58}"
EndProject
Project("{9A19103F-16F7-4668-BE54-9A1E7A4F7556}") = "AppEngine.Video.Test", "AppEngine.Video.Test\AppEngine.Video.Test.csproj", "{341A3214-F8C3-446A-BD2F-E857DC436F7C}"
EndProject
Project("{9A19103F-16F7-4668-BE54-9A1E7A4F7556}") = "ClientApp.Cli.Test", "ClientApp.Cli.Test\ClientApp.Cli.Test.csproj", "{FD523C13-232A-4F8D-B897-E470A0267CC3}"
EndProject
Project("{2150E333-8FDC-42A3-9474-1A3956D46DE8}") = "Solution Items", "Solution Items", "{8E0B8A97-8102-4B8F-80C9-4FD68C137709}"
	ProjectSection(SolutionItems) = preProject
		.editorconfig = .editorconfig
	EndProjectSection
EndProject
Global
	GlobalSection(SolutionConfigurationPlatforms) = preSolution
		Debug|Any CPU = Debug|Any CPU
		Debug|ARM = Debug|ARM
		Debug|ARM64 = Debug|ARM64
		Debug|x64 = Debug|x64
		Debug|x86 = Debug|x86
		Release|Any CPU = Release|Any CPU
		Release|ARM = Release|ARM
		Release|ARM64 = Release|ARM64
		Release|x64 = Release|x64
		Release|x86 = Release|x86
	EndGlobalSection
	GlobalSection(ProjectConfigurationPlatforms) = postSolution
		{756FFED3-0137-4967-AA43-94946C24C7AB}.Debug|Any CPU.ActiveCfg = Debug|Any CPU
		{756FFED3-0137-4967-AA43-94946C24C7AB}.Debug|Any CPU.Build.0 = Debug|Any CPU
		{756FFED3-0137-4967-AA43-94946C24C7AB}.Debug|ARM.ActiveCfg = Debug|Any CPU
		{756FFED3-0137-4967-AA43-94946C24C7AB}.Debug|ARM.Build.0 = Debug|Any CPU
		{756FFED3-0137-4967-AA43-94946C24C7AB}.Debug|ARM64.ActiveCfg = Debug|Any CPU
		{756FFED3-0137-4967-AA43-94946C24C7AB}.Debug|ARM64.Build.0 = Debug|Any CPU
		{756FFED3-0137-4967-AA43-94946C24C7AB}.Debug|x64.ActiveCfg = Debug|Any CPU
		{756FFED3-0137-4967-AA43-94946C24C7AB}.Debug|x64.Build.0 = Debug|Any CPU
		{756FFED3-0137-4967-AA43-94946C24C7AB}.Debug|x86.ActiveCfg = Debug|Any CPU
		{756FFED3-0137-4967-AA43-94946C24C7AB}.Debug|x86.Build.0 = Debug|Any CPU
		{756FFED3-0137-4967-AA43-94946C24C7AB}.Release|Any CPU.ActiveCfg = Release|Any CPU
		{756FFED3-0137-4967-AA43-94946C24C7AB}.Release|Any CPU.Build.0 = Release|Any CPU
		{756FFED3-0137-4967-AA43-94946C24C7AB}.Release|ARM.ActiveCfg = Release|Any CPU
		{756FFED3-0137-4967-AA43-94946C24C7AB}.Release|ARM.Build.0 = Release|Any CPU
		{756FFED3-0137-4967-AA43-94946C24C7AB}.Release|ARM64.ActiveCfg = Release|Any CPU
		{756FFED3-0137-4967-AA43-94946C24C7AB}.Release|ARM64.Build.0 = Release|Any CPU
		{756FFED3-0137-4967-AA43-94946C24C7AB}.Release|x64.ActiveCfg = Release|Any CPU
		{756FFED3-0137-4967-AA43-94946C24C7AB}.Release|x64.Build.0 = Release|Any CPU
		{756FFED3-0137-4967-AA43-94946C24C7AB}.Release|x86.ActiveCfg = Release|Any CPU
		{756FFED3-0137-4967-AA43-94946C24C7AB}.Release|x86.Build.0 = Release|Any CPU
		{19E82BBC-59E6-4068-89A2-BA1A2A5C640F}.Debug|Any CPU.ActiveCfg = Debug|Any CPU
		{19E82BBC-59E6-4068-89A2-BA1A2A5C640F}.Debug|Any CPU.Build.0 = Debug|Any CPU
		{19E82BBC-59E6-4068-89A2-BA1A2A5C640F}.Debug|ARM.ActiveCfg = Debug|Any CPU
		{19E82BBC-59E6-4068-89A2-BA1A2A5C640F}.Debug|ARM.Build.0 = Debug|Any CPU
		{19E82BBC-59E6-4068-89A2-BA1A2A5C640F}.Debug|ARM64.ActiveCfg = Debug|Any CPU
		{19E82BBC-59E6-4068-89A2-BA1A2A5C640F}.Debug|ARM64.Build.0 = Debug|Any CPU
		{19E82BBC-59E6-4068-89A2-BA1A2A5C640F}.Debug|x64.ActiveCfg = Debug|Any CPU
		{19E82BBC-59E6-4068-89A2-BA1A2A5C640F}.Debug|x64.Build.0 = Debug|Any CPU
		{19E82BBC-59E6-4068-89A2-BA1A2A5C640F}.Debug|x86.ActiveCfg = Debug|Any CPU
		{19E82BBC-59E6-4068-89A2-BA1A2A5C640F}.Debug|x86.Build.0 = Debug|Any CPU
		{19E82BBC-59E6-4068-89A2-BA1A2A5C640F}.Release|Any CPU.ActiveCfg = Release|Any CPU
		{19E82BBC-59E6-4068-89A2-BA1A2A5C640F}.Release|Any CPU.Build.0 = Release|Any CPU
		{19E82BBC-59E6-4068-89A2-BA1A2A5C640F}.Release|ARM.ActiveCfg = Release|Any CPU
		{19E82BBC-59E6-4068-89A2-BA1A2A5C640F}.Release|ARM.Build.0 = Release|Any CPU
		{19E82BBC-59E6-4068-89A2-BA1A2A5C640F}.Release|ARM64.ActiveCfg = Release|Any CPU
		{19E82BBC-59E6-4068-89A2-BA1A2A5C640F}.Release|ARM64.Build.0 = Release|Any CPU
		{19E82BBC-59E6-4068-89A2-BA1A2A5C640F}.Release|x64.ActiveCfg = Release|Any CPU
		{19E82BBC-59E6-4068-89A2-BA1A2A5C640F}.Release|x64.Build.0 = Release|Any CPU
		{19E82BBC-59E6-4068-89A2-BA1A2A5C640F}.Release|x86.ActiveCfg = Release|Any CPU
		{19E82BBC-59E6-4068-89A2-BA1A2A5C640F}.Release|x86.Build.0 = Release|Any CPU
		{A2189E90-B52B-4635-BB36-2DE6EBC5D0A8}.Debug|Any CPU.ActiveCfg = Debug|Any CPU
		{A2189E90-B52B-4635-BB36-2DE6EBC5D0A8}.Debug|Any CPU.Build.0 = Debug|Any CPU
		{A2189E90-B52B-4635-BB36-2DE6EBC5D0A8}.Debug|ARM.ActiveCfg = Debug|Any CPU
		{A2189E90-B52B-4635-BB36-2DE6EBC5D0A8}.Debug|ARM.Build.0 = Debug|Any CPU
		{A2189E90-B52B-4635-BB36-2DE6EBC5D0A8}.Debug|ARM64.ActiveCfg = Debug|Any CPU
		{A2189E90-B52B-4635-BB36-2DE6EBC5D0A8}.Debug|ARM64.Build.0 = Debug|Any CPU
		{A2189E90-B52B-4635-BB36-2DE6EBC5D0A8}.Debug|x64.ActiveCfg = Debug|Any CPU
		{A2189E90-B52B-4635-BB36-2DE6EBC5D0A8}.Debug|x64.Build.0 = Debug|Any CPU
		{A2189E90-B52B-4635-BB36-2DE6EBC5D0A8}.Debug|x86.ActiveCfg = Debug|Any CPU
		{A2189E90-B52B-4635-BB36-2DE6EBC5D0A8}.Debug|x86.Build.0 = Debug|Any CPU
		{A2189E90-B52B-4635-BB36-2DE6EBC5D0A8}.Release|Any CPU.ActiveCfg = Release|Any CPU
		{A2189E90-B52B-4635-BB36-2DE6EBC5D0A8}.Release|Any CPU.Build.0 = Release|Any CPU
		{A2189E90-B52B-4635-BB36-2DE6EBC5D0A8}.Release|ARM.ActiveCfg = Release|Any CPU
		{A2189E90-B52B-4635-BB36-2DE6EBC5D0A8}.Release|ARM.Build.0 = Release|Any CPU
		{A2189E90-B52B-4635-BB36-2DE6EBC5D0A8}.Release|ARM64.ActiveCfg = Release|Any CPU
		{A2189E90-B52B-4635-BB36-2DE6EBC5D0A8}.Release|ARM64.Build.0 = Release|Any CPU
		{A2189E90-B52B-4635-BB36-2DE6EBC5D0A8}.Release|x64.ActiveCfg = Release|Any CPU
		{A2189E90-B52B-4635-BB36-2DE6EBC5D0A8}.Release|x64.Build.0 = Release|Any CPU
		{A2189E90-B52B-4635-BB36-2DE6EBC5D0A8}.Release|x86.ActiveCfg = Release|Any CPU
		{A2189E90-B52B-4635-BB36-2DE6EBC5D0A8}.Release|x86.Build.0 = Release|Any CPU
		{45D58875-21AA-492E-B199-C8F71942469C}.Debug|Any CPU.ActiveCfg = Debug|Any CPU
		{45D58875-21AA-492E-B199-C8F71942469C}.Debug|Any CPU.Build.0 = Debug|Any CPU
		{45D58875-21AA-492E-B199-C8F71942469C}.Debug|ARM.ActiveCfg = Debug|Any CPU
		{45D58875-21AA-492E-B199-C8F71942469C}.Debug|ARM.Build.0 = Debug|Any CPU
		{45D58875-21AA-492E-B199-C8F71942469C}.Debug|ARM64.ActiveCfg = Debug|Any CPU
		{45D58875-21AA-492E-B199-C8F71942469C}.Debug|ARM64.Build.0 = Debug|Any CPU
		{45D58875-21AA-492E-B199-C8F71942469C}.Debug|x64.ActiveCfg = Debug|Any CPU
		{45D58875-21AA-492E-B199-C8F71942469C}.Debug|x64.Build.0 = Debug|Any CPU
		{45D58875-21AA-492E-B199-C8F71942469C}.Debug|x86.ActiveCfg = Debug|Any CPU
		{45D58875-21AA-492E-B199-C8F71942469C}.Debug|x86.Build.0 = Debug|Any CPU
		{45D58875-21AA-492E-B199-C8F71942469C}.Release|Any CPU.ActiveCfg = Release|Any CPU
		{45D58875-21AA-492E-B199-C8F71942469C}.Release|Any CPU.Build.0 = Release|Any CPU
		{45D58875-21AA-492E-B199-C8F71942469C}.Release|ARM.ActiveCfg = Release|Any CPU
		{45D58875-21AA-492E-B199-C8F71942469C}.Release|ARM.Build.0 = Release|Any CPU
		{45D58875-21AA-492E-B199-C8F71942469C}.Release|ARM64.ActiveCfg = Release|Any CPU
		{45D58875-21AA-492E-B199-C8F71942469C}.Release|ARM64.Build.0 = Release|Any CPU
		{45D58875-21AA-492E-B199-C8F71942469C}.Release|x64.ActiveCfg = Release|Any CPU
		{45D58875-21AA-492E-B199-C8F71942469C}.Release|x64.Build.0 = Release|Any CPU
		{45D58875-21AA-492E-B199-C8F71942469C}.Release|x86.ActiveCfg = Release|Any CPU
		{45D58875-21AA-492E-B199-C8F71942469C}.Release|x86.Build.0 = Release|Any CPU
		{1B76A68A-FB4C-4834-96EF-CFA3E40BCF44}.Debug|Any CPU.ActiveCfg = Debug|Any CPU
		{1B76A68A-FB4C-4834-96EF-CFA3E40BCF44}.Debug|Any CPU.Build.0 = Debug|Any CPU
		{1B76A68A-FB4C-4834-96EF-CFA3E40BCF44}.Debug|ARM.ActiveCfg = Debug|Any CPU
		{1B76A68A-FB4C-4834-96EF-CFA3E40BCF44}.Debug|ARM.Build.0 = Debug|Any CPU
		{1B76A68A-FB4C-4834-96EF-CFA3E40BCF44}.Debug|ARM64.ActiveCfg = Debug|Any CPU
		{1B76A68A-FB4C-4834-96EF-CFA3E40BCF44}.Debug|ARM64.Build.0 = Debug|Any CPU
		{1B76A68A-FB4C-4834-96EF-CFA3E40BCF44}.Debug|x64.ActiveCfg = Debug|Any CPU
		{1B76A68A-FB4C-4834-96EF-CFA3E40BCF44}.Debug|x64.Build.0 = Debug|Any CPU
		{1B76A68A-FB4C-4834-96EF-CFA3E40BCF44}.Debug|x86.ActiveCfg = Debug|Any CPU
		{1B76A68A-FB4C-4834-96EF-CFA3E40BCF44}.Debug|x86.Build.0 = Debug|Any CPU
		{1B76A68A-FB4C-4834-96EF-CFA3E40BCF44}.Release|Any CPU.ActiveCfg = Release|Any CPU
		{1B76A68A-FB4C-4834-96EF-CFA3E40BCF44}.Release|Any CPU.Build.0 = Release|Any CPU
		{1B76A68A-FB4C-4834-96EF-CFA3E40BCF44}.Release|ARM.ActiveCfg = Release|Any CPU
		{1B76A68A-FB4C-4834-96EF-CFA3E40BCF44}.Release|ARM.Build.0 = Release|Any CPU
		{1B76A68A-FB4C-4834-96EF-CFA3E40BCF44}.Release|ARM64.ActiveCfg = Release|Any CPU
		{1B76A68A-FB4C-4834-96EF-CFA3E40BCF44}.Release|ARM64.Build.0 = Release|Any CPU
		{1B76A68A-FB4C-4834-96EF-CFA3E40BCF44}.Release|x64.ActiveCfg = Release|Any CPU
		{1B76A68A-FB4C-4834-96EF-CFA3E40BCF44}.Release|x64.Build.0 = Release|Any CPU
		{1B76A68A-FB4C-4834-96EF-CFA3E40BCF44}.Release|x86.ActiveCfg = Release|Any CPU
		{1B76A68A-FB4C-4834-96EF-CFA3E40BCF44}.Release|x86.Build.0 = Release|Any CPU
		{0A9F68AE-722F-44B9-BA6B-4A996C67B199}.Debug|Any CPU.ActiveCfg = Debug|Any CPU
		{0A9F68AE-722F-44B9-BA6B-4A996C67B199}.Debug|Any CPU.Build.0 = Debug|Any CPU
		{0A9F68AE-722F-44B9-BA6B-4A996C67B199}.Debug|ARM.ActiveCfg = Debug|Any CPU
		{0A9F68AE-722F-44B9-BA6B-4A996C67B199}.Debug|ARM.Build.0 = Debug|Any CPU
		{0A9F68AE-722F-44B9-BA6B-4A996C67B199}.Debug|ARM64.ActiveCfg = Debug|Any CPU
		{0A9F68AE-722F-44B9-BA6B-4A996C67B199}.Debug|ARM64.Build.0 = Debug|Any CPU
		{0A9F68AE-722F-44B9-BA6B-4A996C67B199}.Debug|x64.ActiveCfg = Debug|Any CPU
		{0A9F68AE-722F-44B9-BA6B-4A996C67B199}.Debug|x64.Build.0 = Debug|Any CPU
		{0A9F68AE-722F-44B9-BA6B-4A996C67B199}.Debug|x86.ActiveCfg = Debug|Any CPU
		{0A9F68AE-722F-44B9-BA6B-4A996C67B199}.Debug|x86.Build.0 = Debug|Any CPU
		{0A9F68AE-722F-44B9-BA6B-4A996C67B199}.Release|Any CPU.ActiveCfg = Release|Any CPU
		{0A9F68AE-722F-44B9-BA6B-4A996C67B199}.Release|Any CPU.Build.0 = Release|Any CPU
		{0A9F68AE-722F-44B9-BA6B-4A996C67B199}.Release|ARM.ActiveCfg = Release|Any CPU
		{0A9F68AE-722F-44B9-BA6B-4A996C67B199}.Release|ARM.Build.0 = Release|Any CPU
		{0A9F68AE-722F-44B9-BA6B-4A996C67B199}.Release|ARM64.ActiveCfg = Release|Any CPU
		{0A9F68AE-722F-44B9-BA6B-4A996C67B199}.Release|ARM64.Build.0 = Release|Any CPU
		{0A9F68AE-722F-44B9-BA6B-4A996C67B199}.Release|x64.ActiveCfg = Release|Any CPU
		{0A9F68AE-722F-44B9-BA6B-4A996C67B199}.Release|x64.Build.0 = Release|Any CPU
		{0A9F68AE-722F-44B9-BA6B-4A996C67B199}.Release|x86.ActiveCfg = Release|Any CPU
		{0A9F68AE-722F-44B9-BA6B-4A996C67B199}.Release|x86.Build.0 = Release|Any CPU
		{69DC54DA-C776-4145-9011-E598255DED58}.Debug|Any CPU.ActiveCfg = Debug|Any CPU
		{69DC54DA-C776-4145-9011-E598255DED58}.Debug|Any CPU.Build.0 = Debug|Any CPU
		{69DC54DA-C776-4145-9011-E598255DED58}.Debug|ARM.ActiveCfg = Debug|Any CPU
		{69DC54DA-C776-4145-9011-E598255DED58}.Debug|ARM.Build.0 = Debug|Any CPU
		{69DC54DA-C776-4145-9011-E598255DED58}.Debug|ARM64.ActiveCfg = Debug|Any CPU
		{69DC54DA-C776-4145-9011-E598255DED58}.Debug|ARM64.Build.0 = Debug|Any CPU
		{69DC54DA-C776-4145-9011-E598255DED58}.Debug|x64.ActiveCfg = Debug|Any CPU
		{69DC54DA-C776-4145-9011-E598255DED58}.Debug|x64.Build.0 = Debug|Any CPU
		{69DC54DA-C776-4145-9011-E598255DED58}.Debug|x86.ActiveCfg = Debug|Any CPU
		{69DC54DA-C776-4145-9011-E598255DED58}.Debug|x86.Build.0 = Debug|Any CPU
		{69DC54DA-C776-4145-9011-E598255DED58}.Release|Any CPU.ActiveCfg = Release|Any CPU
		{69DC54DA-C776-4145-9011-E598255DED58}.Release|Any CPU.Build.0 = Release|Any CPU
		{69DC54DA-C776-4145-9011-E598255DED58}.Release|ARM.ActiveCfg = Release|Any CPU
		{69DC54DA-C776-4145-9011-E598255DED58}.Release|ARM.Build.0 = Release|Any CPU
		{69DC54DA-C776-4145-9011-E598255DED58}.Release|ARM64.ActiveCfg = Release|Any CPU
		{69DC54DA-C776-4145-9011-E598255DED58}.Release|ARM64.Build.0 = Release|Any CPU
		{69DC54DA-C776-4145-9011-E598255DED58}.Release|x64.ActiveCfg = Release|Any CPU
		{69DC54DA-C776-4145-9011-E598255DED58}.Release|x64.Build.0 = Release|Any CPU
		{69DC54DA-C776-4145-9011-E598255DED58}.Release|x86.ActiveCfg = Release|Any CPU
		{69DC54DA-C776-4145-9011-E598255DED58}.Release|x86.Build.0 = Release|Any CPU
		{341A3214-F8C3-446A-BD2F-E857DC436F7C}.Debug|Any CPU.ActiveCfg = Debug|Any CPU
		{341A3214-F8C3-446A-BD2F-E857DC436F7C}.Debug|Any CPU.Build.0 = Debug|Any CPU
		{341A3214-F8C3-446A-BD2F-E857DC436F7C}.Debug|ARM.ActiveCfg = Debug|Any CPU
		{341A3214-F8C3-446A-BD2F-E857DC436F7C}.Debug|ARM.Build.0 = Debug|Any CPU
		{341A3214-F8C3-446A-BD2F-E857DC436F7C}.Debug|ARM64.ActiveCfg = Debug|Any CPU
		{341A3214-F8C3-446A-BD2F-E857DC436F7C}.Debug|ARM64.Build.0 = Debug|Any CPU
		{341A3214-F8C3-446A-BD2F-E857DC436F7C}.Debug|x64.ActiveCfg = Debug|Any CPU
		{341A3214-F8C3-446A-BD2F-E857DC436F7C}.Debug|x64.Build.0 = Debug|Any CPU
		{341A3214-F8C3-446A-BD2F-E857DC436F7C}.Debug|x86.ActiveCfg = Debug|Any CPU
		{341A3214-F8C3-446A-BD2F-E857DC436F7C}.Debug|x86.Build.0 = Debug|Any CPU
		{341A3214-F8C3-446A-BD2F-E857DC436F7C}.Release|Any CPU.ActiveCfg = Release|Any CPU
		{341A3214-F8C3-446A-BD2F-E857DC436F7C}.Release|Any CPU.Build.0 = Release|Any CPU
		{341A3214-F8C3-446A-BD2F-E857DC436F7C}.Release|ARM.ActiveCfg = Release|Any CPU
		{341A3214-F8C3-446A-BD2F-E857DC436F7C}.Release|ARM.Build.0 = Release|Any CPU
		{341A3214-F8C3-446A-BD2F-E857DC436F7C}.Release|ARM64.ActiveCfg = Release|Any CPU
		{341A3214-F8C3-446A-BD2F-E857DC436F7C}.Release|ARM64.Build.0 = Release|Any CPU
		{341A3214-F8C3-446A-BD2F-E857DC436F7C}.Release|x64.ActiveCfg = Release|Any CPU
		{341A3214-F8C3-446A-BD2F-E857DC436F7C}.Release|x64.Build.0 = Release|Any CPU
		{341A3214-F8C3-446A-BD2F-E857DC436F7C}.Release|x86.ActiveCfg = Release|Any CPU
		{341A3214-F8C3-446A-BD2F-E857DC436F7C}.Release|x86.Build.0 = Release|Any CPU
		{FD523C13-232A-4F8D-B897-E470A0267CC3}.Debug|Any CPU.ActiveCfg = Debug|Any CPU
		{FD523C13-232A-4F8D-B897-E470A0267CC3}.Debug|Any CPU.Build.0 = Debug|Any CPU
		{FD523C13-232A-4F8D-B897-E470A0267CC3}.Debug|ARM.ActiveCfg = Debug|Any CPU
		{FD523C13-232A-4F8D-B897-E470A0267CC3}.Debug|ARM.Build.0 = Debug|Any CPU
		{FD523C13-232A-4F8D-B897-E470A0267CC3}.Debug|ARM64.ActiveCfg = Debug|Any CPU
		{FD523C13-232A-4F8D-B897-E470A0267CC3}.Debug|ARM64.Build.0 = Debug|Any CPU
		{FD523C13-232A-4F8D-B897-E470A0267CC3}.Debug|x64.ActiveCfg = Debug|Any CPU
		{FD523C13-232A-4F8D-B897-E470A0267CC3}.Debug|x64.Build.0 = Debug|Any CPU
		{FD523C13-232A-4F8D-B897-E470A0267CC3}.Debug|x86.ActiveCfg = Debug|Any CPU
		{FD523C13-232A-4F8D-B897-E470A0267CC3}.Debug|x86.Build.0 = Debug|Any CPU
		{FD523C13-232A-4F8D-B897-E470A0267CC3}.Release|Any CPU.ActiveCfg = Release|Any CPU
		{FD523C13-232A-4F8D-B897-E470A0267CC3}.Release|Any CPU.Build.0 = Release|Any CPU
		{FD523C13-232A-4F8D-B897-E470A0267CC3}.Release|ARM.ActiveCfg = Release|Any CPU
		{FD523C13-232A-4F8D-B897-E470A0267CC3}.Release|ARM.Build.0 = Release|Any CPU
		{FD523C13-232A-4F8D-B897-E470A0267CC3}.Release|ARM64.ActiveCfg = Release|Any CPU
		{FD523C13-232A-4F8D-B897-E470A0267CC3}.Release|ARM64.Build.0 = Release|Any CPU
		{FD523C13-232A-4F8D-B897-E470A0267CC3}.Release|x64.ActiveCfg = Release|Any CPU
		{FD523C13-232A-4F8D-B897-E470A0267CC3}.Release|x64.Build.0 = Release|Any CPU
		{FD523C13-232A-4F8D-B897-E470A0267CC3}.Release|x86.ActiveCfg = Release|Any CPU
		{FD523C13-232A-4F8D-B897-E470A0267CC3}.Release|x86.Build.0 = Release|Any CPU
	EndGlobalSection
	GlobalSection(SolutionProperties) = preSolution
		HideSolutionNode = FALSE
	EndGlobalSection
	GlobalSection(ExtensibilityGlobals) = postSolution
		SolutionGuid = {700B980E-BC9A-4A41-859F-C383E8C0E782}
	EndGlobalSection
EndGlobal
