
Microsoft Visual Studio Solution File, Format Version 12.00
# Visual Studio 15
VisualStudioVersion = 15.0.27130.2010
MinimumVisualStudioVersion = 10.0.40219.1
Project("{9A19103F-16F7-4668-BE54-9A1E7A4F7556}") = "AppEngine", "AppEngine\AppEngine.csproj", "{756FFED3-0137-4967-AA43-94946C24C7AB}"
EndProject
Project("{9A19103F-16F7-4668-BE54-9A1E7A4F7556}") = "ClientApp.Console", "ClientApp.Console\ClientApp.Console.csproj", "{552FE0ED-E970-4C01-8458-0F90D0BEC6FD}"
EndProject
Project("{9A19103F-16F7-4668-BE54-9A1E7A4F7556}") = "OrchardCore.FileStorage.Abstractions", "OrchardCore.FileStorage.Abstractions\OrchardCore.FileStorage.Abstractions.csproj", "{19E82BBC-59E6-4068-89A2-BA1A2A5C640F}"
EndProject
Project("{9A19103F-16F7-4668-BE54-9A1E7A4F7556}") = "OrchardCore.FileStorage.FileSystem", "OrchardCore.FileStorage.FileSystem\OrchardCore.FileStorage.FileSystem.csproj", "{A2189E90-B52B-4635-BB36-2DE6EBC5D0A8}"
EndProject
Project("{FAE04EC0-301F-11D3-BF4B-00C04F79EFBC}") = "AppEngine.Test", "AppEngine.Test\AppEngine.Test.csproj", "{45D58875-21AA-492E-B199-C8F71942469C}"
EndProject
Global
	GlobalSection(SolutionConfigurationPlatforms) = preSolution
		Debug|Any CPU = Debug|Any CPU
		Release|Any CPU = Release|Any CPU
	EndGlobalSection
	GlobalSection(ProjectConfigurationPlatforms) = postSolution
		{756FFED3-0137-4967-AA43-94946C24C7AB}.Debug|Any CPU.ActiveCfg = Debug|Any CPU
		{756FFED3-0137-4967-AA43-94946C24C7AB}.Debug|Any CPU.Build.0 = Debug|Any CPU
		{756FFED3-0137-4967-AA43-94946C24C7AB}.Release|Any CPU.ActiveCfg = Release|Any CPU
		{756FFED3-0137-4967-AA43-94946C24C7AB}.Release|Any CPU.Build.0 = Release|Any CPU
		{552FE0ED-E970-4C01-8458-0F90D0BEC6FD}.Debug|Any CPU.ActiveCfg = Debug|Any CPU
		{552FE0ED-E970-4C01-8458-0F90D0BEC6FD}.Debug|Any CPU.Build.0 = Debug|Any CPU
		{552FE0ED-E970-4C01-8458-0F90D0BEC6FD}.Release|Any CPU.ActiveCfg = Release|Any CPU
		{552FE0ED-E970-4C01-8458-0F90D0BEC6FD}.Release|Any CPU.Build.0 = Release|Any CPU
		{19E82BBC-59E6-4068-89A2-BA1A2A5C640F}.Debug|Any CPU.ActiveCfg = Debug|Any CPU
		{19E82BBC-59E6-4068-89A2-BA1A2A5C640F}.Debug|Any CPU.Build.0 = Debug|Any CPU
		{19E82BBC-59E6-4068-89A2-BA1A2A5C640F}.Release|Any CPU.ActiveCfg = Release|Any CPU
		{19E82BBC-59E6-4068-89A2-BA1A2A5C640F}.Release|Any CPU.Build.0 = Release|Any CPU
		{A2189E90-B52B-4635-BB36-2DE6EBC5D0A8}.Debug|Any CPU.ActiveCfg = Debug|Any CPU
		{A2189E90-B52B-4635-BB36-2DE6EBC5D0A8}.Debug|Any CPU.Build.0 = Debug|Any CPU
		{A2189E90-B52B-4635-BB36-2DE6EBC5D0A8}.Release|Any CPU.ActiveCfg = Release|Any CPU
		{A2189E90-B52B-4635-BB36-2DE6EBC5D0A8}.Release|Any CPU.Build.0 = Release|Any CPU
		{45D58875-21AA-492E-B199-C8F71942469C}.Debug|Any CPU.ActiveCfg = Debug|Any CPU
		{45D58875-21AA-492E-B199-C8F71942469C}.Debug|Any CPU.Build.0 = Debug|Any CPU
		{45D58875-21AA-492E-B199-C8F71942469C}.Release|Any CPU.ActiveCfg = Release|Any CPU
		{45D58875-21AA-492E-B199-C8F71942469C}.Release|Any CPU.Build.0 = Release|Any CPU
	EndGlobalSection
	GlobalSection(SolutionProperties) = preSolution
		HideSolutionNode = FALSE
	EndGlobalSection
	GlobalSection(ExtensibilityGlobals) = postSolution
		SolutionGuid = {700B980E-BC9A-4A41-859F-C383E8C0E782}
	EndGlobalSection
EndGlobal
